
Microsoft Visual Studio Solution File, Format Version 12.00
# Visual Studio Version 17
VisualStudioVersion = 17.4.33006.217
MinimumVisualStudioVersion = 10.0.40219.1
Project("{9A19103F-16F7-4668-BE54-9A1E7A4F7556}") = "BudgetPlanner-Blazor", "BudgetPlanner-Blazor.csproj", "{CA164DC3-AB61-4A53-807A-DF41F7A6AE76}"
EndProject
Global
	GlobalSection(SolutionConfigurationPlatforms) = preSolution
		Debug|Any CPU = Debug|Any CPU
		Release|Any CPU = Release|Any CPU
	EndGlobalSection
	GlobalSection(ProjectConfigurationPlatforms) = postSolution
		{CA164DC3-AB61-4A53-807A-DF41F7A6AE76}.Debug|Any CPU.ActiveCfg = Debug|Any CPU
		{CA164DC3-AB61-4A53-807A-DF41F7A6AE76}.Debug|Any CPU.Build.0 = Debug|Any CPU
		{CA164DC3-AB61-4A53-807A-DF41F7A6AE76}.Release|Any CPU.ActiveCfg = Release|Any CPU
		{CA164DC3-AB61-4A53-807A-DF41F7A6AE76}.Release|Any CPU.Build.0 = Release|Any CPU
	EndGlobalSection
	GlobalSection(SolutionProperties) = preSolution
		HideSolutionNode = FALSE
	EndGlobalSection
	GlobalSection(ExtensibilityGlobals) = postSolution
		SolutionGuid = {B4E83458-7650-4B2F-912B-9683D5CDA5CE}
	EndGlobalSection
EndGlobal
